
Microsoft Visual Studio Solution File, Format Version 12.00
# Visual Studio Version 17
VisualStudioVersion = 17.14.36212.18
MinimumVisualStudioVersion = 10.0.40219.1
Project("{2150E333-8FDC-42A3-9474-1A3956D46DE8}") = "src", "src", "{02EA681E-C7D8-13C7-8484-4AC65E1B71E8}"
EndProject
Project("{FAE04EC0-301F-11D3-BF4B-00C04F79EFBC}") = "RabbitMQActorBuilder.Domain", "src\RabbitMQActorBuilder.Domain\RabbitMQActorBuilder.Domain.csproj", "{01C86F2C-5534-48E7-ABBA-6E3047CDCA8C}"
EndProject
Project("{FAE04EC0-301F-11D3-BF4B-00C04F79EFBC}") = "RabbitMQActorBuilder.Application", "src\RabbitMQActorBuilder.Application\RabbitMQActorBuilder.Application.csproj", "{6D797AC2-6C5C-4543-B1FD-DD1C44B2C52A}"
EndProject
Project("{FAE04EC0-301F-11D3-BF4B-00C04F79EFBC}") = "RabbitMQActorBuilder.Api", "src\RabbitMQActorBuilder.Api\RabbitMQActorBuilder.Api.csproj", "{FCCC32DB-6D9C-4DC5-987D-4C973C56A8CE}"
EndProject
Project("{FAE04EC0-301F-11D3-BF4B-00C04F79EFBC}") = "RabbitMQActorBuilder.Infrastructure", "src\RabbitMQActorBuilder.Infrastructure\RabbitMQActorBuilder.Infrastructure.csproj", "{E102FAEE-2641-416B-8BEB-94262A221C58}"
EndProject
Global
	GlobalSection(SolutionConfigurationPlatforms) = preSolution
		Debug|Any CPU = Debug|Any CPU
		Release|Any CPU = Release|Any CPU
	EndGlobalSection
	GlobalSection(ProjectConfigurationPlatforms) = postSolution
		{01C86F2C-5534-48E7-ABBA-6E3047CDCA8C}.Debug|Any CPU.ActiveCfg = Debug|Any CPU
		{01C86F2C-5534-48E7-ABBA-6E3047CDCA8C}.Debug|Any CPU.Build.0 = Debug|Any CPU
		{01C86F2C-5534-48E7-ABBA-6E3047CDCA8C}.Release|Any CPU.ActiveCfg = Release|Any CPU
		{01C86F2C-5534-48E7-ABBA-6E3047CDCA8C}.Release|Any CPU.Build.0 = Release|Any CPU
		{6D797AC2-6C5C-4543-B1FD-DD1C44B2C52A}.Debug|Any CPU.ActiveCfg = Debug|Any CPU
		{6D797AC2-6C5C-4543-B1FD-DD1C44B2C52A}.Debug|Any CPU.Build.0 = Debug|Any CPU
		{6D797AC2-6C5C-4543-B1FD-DD1C44B2C52A}.Release|Any CPU.ActiveCfg = Release|Any CPU
		{6D797AC2-6C5C-4543-B1FD-DD1C44B2C52A}.Release|Any CPU.Build.0 = Release|Any CPU
		{FCCC32DB-6D9C-4DC5-987D-4C973C56A8CE}.Debug|Any CPU.ActiveCfg = Debug|Any CPU
		{FCCC32DB-6D9C-4DC5-987D-4C973C56A8CE}.Debug|Any CPU.Build.0 = Debug|Any CPU
		{FCCC32DB-6D9C-4DC5-987D-4C973C56A8CE}.Release|Any CPU.ActiveCfg = Release|Any CPU
		{FCCC32DB-6D9C-4DC5-987D-4C973C56A8CE}.Release|Any CPU.Build.0 = Release|Any CPU
		{E102FAEE-2641-416B-8BEB-94262A221C58}.Debug|Any CPU.ActiveCfg = Debug|Any CPU
		{E102FAEE-2641-416B-8BEB-94262A221C58}.Debug|Any CPU.Build.0 = Debug|Any CPU
		{E102FAEE-2641-416B-8BEB-94262A221C58}.Release|Any CPU.ActiveCfg = Release|Any CPU
		{E102FAEE-2641-416B-8BEB-94262A221C58}.Release|Any CPU.Build.0 = Release|Any CPU
	EndGlobalSection
	GlobalSection(SolutionProperties) = preSolution
		HideSolutionNode = FALSE
	EndGlobalSection
	GlobalSection(NestedProjects) = preSolution
		{01C86F2C-5534-48E7-ABBA-6E3047CDCA8C} = {02EA681E-C7D8-13C7-8484-4AC65E1B71E8}
		{6D797AC2-6C5C-4543-B1FD-DD1C44B2C52A} = {02EA681E-C7D8-13C7-8484-4AC65E1B71E8}
		{FCCC32DB-6D9C-4DC5-987D-4C973C56A8CE} = {02EA681E-C7D8-13C7-8484-4AC65E1B71E8}
		{E102FAEE-2641-416B-8BEB-94262A221C58} = {02EA681E-C7D8-13C7-8484-4AC65E1B71E8}
	EndGlobalSection
	GlobalSection(ExtensibilityGlobals) = postSolution
		SolutionGuid = {F411A357-784B-4E4C-A760-5811F00CC039}
	EndGlobalSection
EndGlobal
